
Microsoft Visual Studio Solution File, Format Version 12.00
# Visual Studio Version 16
VisualStudioVersion = 16.0.29318.209
MinimumVisualStudioVersion = 10.0.40219.1
Project("{FAE04EC0-301F-11D3-BF4B-00C04F79EFBC}") = "firsttry", "firsttry.csproj", "{3C094650-4499-404C-9514-850F5A6BA0E8}"
EndProject
Global
	GlobalSection(SolutionConfigurationPlatforms) = preSolution
		Debug|Any CPU = Debug|Any CPU
		Release|Any CPU = Release|Any CPU
	EndGlobalSection
	GlobalSection(ProjectConfigurationPlatforms) = postSolution
		{3C094650-4499-404C-9514-850F5A6BA0E8}.Debug|Any CPU.ActiveCfg = Debug|Any CPU
		{3C094650-4499-404C-9514-850F5A6BA0E8}.Debug|Any CPU.Build.0 = Debug|Any CPU
		{3C094650-4499-404C-9514-850F5A6BA0E8}.Release|Any CPU.ActiveCfg = Release|Any CPU
		{3C094650-4499-404C-9514-850F5A6BA0E8}.Release|Any CPU.Build.0 = Release|Any CPU
	EndGlobalSection
	GlobalSection(SolutionProperties) = preSolution
		HideSolutionNode = FALSE
	EndGlobalSection
	GlobalSection(ExtensibilityGlobals) = postSolution
		SolutionGuid = {3E76F872-384C-4B26-8FC4-DDBC1E8537CA}
	EndGlobalSection
EndGlobal
